{
  "lockfile-version": 1,
  "manifest": {
    "version": 1,
    "install": {
      "barstoolbluz/pytorch-python313-cuda12_8-sm120-avx512": {
        "pkg-path": "barstoolbluz/pytorch-python313-cuda12_8-sm120-avx512",
        "pkg-group": "barstoolbluz/pytorch-python313-cuda12_8-sm120-avx512",
        "systems": [
          "x86_64-linux"
        ]
      },
      "barstoolbluz/torchaudio-python313-cuda12_8-sm120-avx512": {
        "pkg-path": "barstoolbluz/torchaudio-python313-cuda12_8-sm120-avx512",
        "pkg-group": "barstoolbluz/torchaudio-python313-cuda12_8-sm120-avx512",
        "priority": 7,
        "systems": [
          "x86_64-linux"
        ]
      },
      "barstoolbluz/torchvision-python313-cuda12_8-sm120-avx512": {
        "pkg-path": "barstoolbluz/torchvision-python313-cuda12_8-sm120-avx512",
        "pkg-group": "barstoolbluz/torchvision-python313-cuda12_8-sm120-avx512",
        "priority": 6,
        "systems": [
          "x86_64-linux"
        ]
      }
    },
    "hook": {
      "on-activate": "  # Create ComfyUI working directory and subdirectories\n  mkdir -p \"$HOME/comfyui-work\"/{models/{checkpoints,clip,unet,vae,loras,upscale_models,embeddings,controlnet},output,input,temp}\n\n  # Copy extra_model_paths.yaml from package if it doesn't exist\n  if [ ! -f \"$HOME/comfyui-work/extra_model_paths.yaml\" ]; then\n    # Try to find the config in the ComfyUI package\n    if [ -f \"$FLOX_ENV/share/comfyui/extra_model_paths.yaml\" ]; then\n      cp \"$FLOX_ENV/share/comfyui/extra_model_paths.yaml\" \"$HOME/comfyui-work/extra_model_paths.yaml\"\n      # Replace ~/ with actual home directory path\n      sed -i \"s|~/|$HOME/|g\" \"$HOME/comfyui-work/extra_model_paths.yaml\"\n      echo \"✅ Copied extra_model_paths.yaml to $HOME/comfyui-work/\"\n    else\n      echo \"⚠️  Could not find extra_model_paths.yaml in package\"\n    fi\n  fi\n"
    },
    "profile": {},
    "options": {}
  },
  "packages": [
    {
      "attr_path": "pytorch-python313-cuda12_8-sm120-avx512",
      "broken": false,
      "derivation": "/nix/store/6hr0irdflzlg82h6l4ash8rd761czmyq-python3.13-pytorch-python313-cuda12_8-sm120-avx512-2.8.0.drv",
      "description": "PyTorch optimized for NVIDIA RTX 5090 (SM120) with AVX-512 CPU instructions",
      "install_id": "barstoolbluz/pytorch-python313-cuda12_8-sm120-avx512",
      "license": "BSD-3-Clause",
      "locked_url": "https://github.com/barstoolbluz/build-pytorch?rev=feae976f7571708b523bd82d9a946d846b8d3fec",
      "name": "python3.13-pytorch-python313-cuda12_8-sm120-avx512-2.8.0",
      "pname": "pytorch-python313-cuda12_8-sm120-avx512",
      "rev": "feae976f7571708b523bd82d9a946d846b8d3fec",
      "rev_count": 16,
      "rev_date": "2025-11-16T20:31:43Z",
      "scrape_date": "2025-11-18T01:10:00.098340411Z",
      "stabilities": [
        "unstable"
      ],
      "unfree": false,
      "version": "2.8.0",
      "outputs_to_install": [
        "out"
      ],
      "outputs": {
        "cxxdev": "/nix/store/kzvphj5f66mabzjnf5842nihd7ams9a7-python3.13-pytorch-python313-cuda12_8-sm120-avx512-2.8.0-cxxdev",
        "dev": "/nix/store/5xjg821gzn60gix6j3yrws5027h982qr-python3.13-pytorch-python313-cuda12_8-sm120-avx512-2.8.0-dev",
        "dist": "/nix/store/pihi3x8bchifd4w2qmzma5gkr3k07nr8-python3.13-pytorch-python313-cuda12_8-sm120-avx512-2.8.0-dist",
        "lib": "/nix/store/9x4vqifzi819ngdqn4azbww16nkiwib3-python3.13-pytorch-python313-cuda12_8-sm120-avx512-2.8.0-lib",
        "out": "/nix/store/72adwf32j36qmghmfms2vdkyls6w1wlm-python3.13-pytorch-python313-cuda12_8-sm120-avx512-2.8.0"
      },
      "system": "x86_64-linux",
      "group": "barstoolbluz/pytorch-python313-cuda12_8-sm120-avx512",
      "priority": 5
    },
    {
      "attr_path": "torchaudio-python313-cuda12_8-sm120-avx512",
      "broken": false,
      "derivation": "/nix/store/2fqfil8a6mn1q9vndmg1j2qjqhs4n17j-python3.13-torchaudio-python313-cuda12_8-sm120-avx512-2.8.0.drv",
      "description": "TorchAudio for NVIDIA RTX 5090 (SM120, Blackwell) + AVX-512",
      "install_id": "barstoolbluz/torchaudio-python313-cuda12_8-sm120-avx512",
      "license": "BSD-2-Clause",
      "locked_url": "https://github.com/barstoolbluz/build-torchaudio.git?rev=17399921e0d51a2e56599585f8f76e6205cb29f0",
      "name": "python3.13-torchaudio-python313-cuda12_8-sm120-avx512-2.8.0",
      "pname": "torchaudio-python313-cuda12_8-sm120-avx512",
      "rev": "17399921e0d51a2e56599585f8f76e6205cb29f0",
      "rev_count": 4,
      "rev_date": "2025-11-18T00:52:03Z",
      "scrape_date": "2025-11-18T01:08:18.187197417Z",
      "stabilities": [
        "stable",
        "staging",
        "unstable"
      ],
      "unfree": false,
      "version": "2.8.0",
      "outputs_to_install": [
        "out"
      ],
      "outputs": {
        "dist": "/nix/store/czzg917fbiqcmmsxhxz7akszmbl0n42m-python3.13-torchaudio-python313-cuda12_8-sm120-avx512-2.8.0-dist",
        "out": "/nix/store/mi3a6jynx84cqkf9xafcrfzkyqffg3gz-python3.13-torchaudio-python313-cuda12_8-sm120-avx512-2.8.0"
      },
      "system": "x86_64-linux",
      "group": "barstoolbluz/torchaudio-python313-cuda12_8-sm120-avx512",
      "priority": 7
    },
    {
      "attr_path": "torchvision-python313-cuda12_8-sm120-avx512",
      "broken": false,
      "derivation": "/nix/store/hb85vsl2jc49hnqkk8p68xhm97iwhlm0-python3.13-torchvision-python313-cuda12_8-sm120-avx512-0.23.0.drv",
      "description": "TorchVision for NVIDIA RTX 5090 (SM120, Blackwell) + AVX-512",
      "install_id": "barstoolbluz/torchvision-python313-cuda12_8-sm120-avx512",
      "license": "BSD-3-Clause",
      "locked_url": "https://github.com/barstoolbluz/build-torchvision.git?rev=520f85f31047b5b98dc342779ad2f40bc15d6ff2",
      "name": "python3.13-torchvision-python313-cuda12_8-sm120-avx512-0.23.0",
      "pname": "torchvision-python313-cuda12_8-sm120-avx512",
      "rev": "520f85f31047b5b98dc342779ad2f40bc15d6ff2",
      "rev_count": 3,
      "rev_date": "2025-11-17T23:38:55Z",
      "scrape_date": "2025-11-18T01:08:11.912300164Z",
      "stabilities": [
        "stable",
        "staging",
        "unstable"
      ],
      "unfree": false,
      "version": "0.23.0",
      "outputs_to_install": [
        "out"
      ],
      "outputs": {
        "dist": "/nix/store/99kdls34j4hdfcdbilszzcp6ryck89c8-python3.13-torchvision-python313-cuda12_8-sm120-avx512-0.23.0-dist",
        "out": "/nix/store/x5jc6aa156pdf4ag7h2rjpg4qna8kbvx-python3.13-torchvision-python313-cuda12_8-sm120-avx512-0.23.0"
      },
      "system": "x86_64-linux",
      "group": "barstoolbluz/torchvision-python313-cuda12_8-sm120-avx512",
      "priority": 6
    }
  ]
}
